
Microsoft Visual Studio Solution File, Format Version 12.00
# Visual Studio Version 17
VisualStudioVersion = 17.6.33815.320
MinimumVisualStudioVersion = 10.0.40219.1
Project("{8BC9CEB8-8B4A-11D0-8D11-00A0C91BC942}") = "Smart pointers", "Smart pointers\Smart pointers.vcxproj", "{572D5416-4159-49AE-9A3F-15149BF06EE1}"
EndProject
Global
	GlobalSection(SolutionConfigurationPlatforms) = preSolution
		Debug|x64 = Debug|x64
		Debug|x86 = Debug|x86
		Release|x64 = Release|x64
		Release|x86 = Release|x86
	EndGlobalSection
	GlobalSection(ProjectConfigurationPlatforms) = postSolution
		{572D5416-4159-49AE-9A3F-15149BF06EE1}.Debug|x64.ActiveCfg = Debug|x64
		{572D5416-4159-49AE-9A3F-15149BF06EE1}.Debug|x64.Build.0 = Debug|x64
		{572D5416-4159-49AE-9A3F-15149BF06EE1}.Debug|x86.ActiveCfg = Debug|Win32
		{572D5416-4159-49AE-9A3F-15149BF06EE1}.Debug|x86.Build.0 = Debug|Win32
		{572D5416-4159-49AE-9A3F-15149BF06EE1}.Release|x64.ActiveCfg = Release|x64
		{572D5416-4159-49AE-9A3F-15149BF06EE1}.Release|x64.Build.0 = Release|x64
		{572D5416-4159-49AE-9A3F-15149BF06EE1}.Release|x86.ActiveCfg = Release|Win32
		{572D5416-4159-49AE-9A3F-15149BF06EE1}.Release|x86.Build.0 = Release|Win32
	EndGlobalSection
	GlobalSection(SolutionProperties) = preSolution
		HideSolutionNode = FALSE
	EndGlobalSection
	GlobalSection(ExtensibilityGlobals) = postSolution
		SolutionGuid = {5139ECB9-D062-4CB3-A03B-9C9A62449144}
	EndGlobalSection
EndGlobal
